Microsoft Visual Studio Solution File, Format Version 12.00
# Visual Studio 2012
Project("{FAE04EC0-301F-11D3-BF4B-00C04F79EFBC}") = "Launcher", "launcher\Launcher.csproj", "{5B32C6CD-C0E1-44F4-8624-562862E32C0F}"
EndProject
Project("{2150E333-8FDC-42A3-9474-1A3956D46DE8}") = ".nuget", ".nuget", "{C7543E03-269C-44CC-A4AE-E2ED8CDC0527}"
	ProjectSection(SolutionItems) = preProject
		.nuget\NuGet.Config = .nuget\NuGet.Config
		.nuget\NuGet.exe = .nuget\NuGet.exe
		.nuget\NuGet.targets = .nuget\NuGet.targets
	EndProjectSection
EndProject
Project("{FAE04EC0-301F-11D3-BF4B-00C04F79EFBC}") = "UpdateApi", "api\UpdateApi.csproj", "{533897F2-0F54-48B7-88E6-626D4FA4CDBB}"
EndProject
Project("{FAE04EC0-301F-11D3-BF4B-00C04F79EFBC}") = "ApiTest", "api_test\ApiTest.csproj", "{206FF257-31D6-48C9-9162-F527EF8BDF3B}"
EndProject
Project("{FAE04EC0-301F-11D3-BF4B-00C04F79EFBC}") = "RepositoryGen", "repositorygen\RepositoryGen.csproj", "{D7CD6BA1-F030-4F5F-AC36-4BA44A501365}"
EndProject
Project("{FAE04EC0-301F-11D3-BF4B-00C04F79EFBC}") = "TestUpdateClient", "testclient\TestUpdateClient.csproj", "{70BC044E-105C-409D-B460-147DA471BD0B}"
EndProject
Project("{FAE04EC0-301F-11D3-BF4B-00C04F79EFBC}") = "PackageManager", "packagemanager\PackageManager.csproj", "{15496AAF-B10A-45D8-A9E5-979F993F2D84}"
EndProject
Project("{FAE04EC0-301F-11D3-BF4B-00C04F79EFBC}") = "log4net", "externals\log4net.patch\log4net-net40-clientprofile.csproj", "{181FE707-E161-4722-9F38-6AAAB6FAA106}"
EndProject
Global
	GlobalSection(SolutionConfigurationPlatforms) = preSolution
		CD_ROM|Any CPU = CD_ROM|Any CPU
		CD_ROM|Mixed Platforms = CD_ROM|Mixed Platforms
		CD_ROM|x86 = CD_ROM|x86
		CoreOnly|Any CPU = CoreOnly|Any CPU
		CoreOnly|Mixed Platforms = CoreOnly|Mixed Platforms
		CoreOnly|x86 = CoreOnly|x86
		Debug|Any CPU = Debug|Any CPU
		Debug|Mixed Platforms = Debug|Mixed Platforms
		Debug|x86 = Debug|x86
		DebugTest|Any CPU = DebugTest|Any CPU
		DebugTest|Mixed Platforms = DebugTest|Mixed Platforms
		DebugTest|x86 = DebugTest|x86
		DVD-5|Any CPU = DVD-5|Any CPU
		DVD-5|Mixed Platforms = DVD-5|Mixed Platforms
		DVD-5|x86 = DVD-5|x86
		iOS|Any CPU = iOS|Any CPU
		iOS|Mixed Platforms = iOS|Mixed Platforms
		iOS|x86 = iOS|x86
		Net20|Any CPU = Net20|Any CPU
		Net20|Mixed Platforms = Net20|Mixed Platforms
		Net20|x86 = Net20|x86
		Profile|Any CPU = Profile|Any CPU
		Profile|Mixed Platforms = Profile|Mixed Platforms
		Profile|x86 = Profile|x86
		Release|Any CPU = Release|Any CPU
		Release|Mixed Platforms = Release|Mixed Platforms
		Release|x86 = Release|x86
		ReleaseTest|Any CPU = ReleaseTest|Any CPU
		ReleaseTest|Mixed Platforms = ReleaseTest|Mixed Platforms
		ReleaseTest|x86 = ReleaseTest|x86
		Silverlight2|Any CPU = Silverlight2|Any CPU
		Silverlight2|Mixed Platforms = Silverlight2|Mixed Platforms
		Silverlight2|x86 = Silverlight2|x86
		SingleImage|Any CPU = SingleImage|Any CPU
		SingleImage|Mixed Platforms = SingleImage|Mixed Platforms
		SingleImage|x86 = SingleImage|x86
		Unity|Any CPU = Unity|Any CPU
		Unity|Mixed Platforms = Unity|Mixed Platforms
		Unity|x86 = Unity|x86
	EndGlobalSection
	GlobalSection(ProjectConfigurationPlatforms) = postSolution
		{5B32C6CD-C0E1-44F4-8624-562862E32C0F}.CD_ROM|Any CPU.ActiveCfg = Debug|x86
		{5B32C6CD-C0E1-44F4-8624-562862E32C0F}.CD_ROM|Mixed Platforms.ActiveCfg = Debug|x86
		{5B32C6CD-C0E1-44F4-8624-562862E32C0F}.CD_ROM|Mixed Platforms.Build.0 = Debug|x86
		{5B32C6CD-C0E1-44F4-8624-562862E32C0F}.CD_ROM|x86.ActiveCfg = Debug|x86
		{5B32C6CD-C0E1-44F4-8624-562862E32C0F}.CD_ROM|x86.Build.0 = Debug|x86
		{5B32C6CD-C0E1-44F4-8624-562862E32C0F}.CoreOnly|Any CPU.ActiveCfg = Release|x86
		{5B32C6CD-C0E1-44F4-8624-562862E32C0F}.CoreOnly|Mixed Platforms.ActiveCfg = Release|x86
		{5B32C6CD-C0E1-44F4-8624-562862E32C0F}.CoreOnly|Mixed Platforms.Build.0 = Release|x86
		{5B32C6CD-C0E1-44F4-8624-562862E32C0F}.CoreOnly|x86.ActiveCfg = Release|x86
		{5B32C6CD-C0E1-44F4-8624-562862E32C0F}.CoreOnly|x86.Build.0 = Release|x86
		{5B32C6CD-C0E1-44F4-8624-562862E32C0F}.Debug|Any CPU.ActiveCfg = Debug|x86
		{5B32C6CD-C0E1-44F4-8624-562862E32C0F}.Debug|Any CPU.Build.0 = Debug|x86
		{5B32C6CD-C0E1-44F4-8624-562862E32C0F}.Debug|Mixed Platforms.ActiveCfg = Debug|x86
		{5B32C6CD-C0E1-44F4-8624-562862E32C0F}.Debug|Mixed Platforms.Build.0 = Debug|x86
		{5B32C6CD-C0E1-44F4-8624-562862E32C0F}.Debug|x86.ActiveCfg = Debug|x86
		{5B32C6CD-C0E1-44F4-8624-562862E32C0F}.Debug|x86.Build.0 = Debug|x86
		{5B32C6CD-C0E1-44F4-8624-562862E32C0F}.DebugTest|Any CPU.ActiveCfg = Debug|x86
		{5B32C6CD-C0E1-44F4-8624-562862E32C0F}.DebugTest|Mixed Platforms.ActiveCfg = Debug|x86
		{5B32C6CD-C0E1-44F4-8624-562862E32C0F}.DebugTest|Mixed Platforms.Build.0 = Debug|x86
		{5B32C6CD-C0E1-44F4-8624-562862E32C0F}.DebugTest|x86.ActiveCfg = Debug|x86
		{5B32C6CD-C0E1-44F4-8624-562862E32C0F}.DebugTest|x86.Build.0 = Debug|x86
		{5B32C6CD-C0E1-44F4-8624-562862E32C0F}.DVD-5|Any CPU.ActiveCfg = Debug|x86
		{5B32C6CD-C0E1-44F4-8624-562862E32C0F}.DVD-5|Mixed Platforms.ActiveCfg = Debug|x86
		{5B32C6CD-C0E1-44F4-8624-562862E32C0F}.DVD-5|Mixed Platforms.Build.0 = Debug|x86
		{5B32C6CD-C0E1-44F4-8624-562862E32C0F}.DVD-5|x86.ActiveCfg = Debug|x86
		{5B32C6CD-C0E1-44F4-8624-562862E32C0F}.DVD-5|x86.Build.0 = Debug|x86
		{5B32C6CD-C0E1-44F4-8624-562862E32C0F}.iOS|Any CPU.ActiveCfg = Release|x86
		{5B32C6CD-C0E1-44F4-8624-562862E32C0F}.iOS|Mixed Platforms.ActiveCfg = Release|x86
		{5B32C6CD-C0E1-44F4-8624-562862E32C0F}.iOS|Mixed Platforms.Build.0 = Release|x86
		{5B32C6CD-C0E1-44F4-8624-562862E32C0F}.iOS|x86.ActiveCfg = Release|x86
		{5B32C6CD-C0E1-44F4-8624-562862E32C0F}.iOS|x86.Build.0 = Release|x86
		{5B32C6CD-C0E1-44F4-8624-562862E32C0F}.Net20|Any CPU.ActiveCfg = Release|x86
		{5B32C6CD-C0E1-44F4-8624-562862E32C0F}.Net20|Mixed Platforms.ActiveCfg = Release|x86
		{5B32C6CD-C0E1-44F4-8624-562862E32C0F}.Net20|Mixed Platforms.Build.0 = Release|x86
		{5B32C6CD-C0E1-44F4-8624-562862E32C0F}.Net20|x86.ActiveCfg = Release|x86
		{5B32C6CD-C0E1-44F4-8624-562862E32C0F}.Net20|x86.Build.0 = Release|x86
		{5B32C6CD-C0E1-44F4-8624-562862E32C0F}.Profile|Any CPU.ActiveCfg = Release|x86
		{5B32C6CD-C0E1-44F4-8624-562862E32C0F}.Profile|Mixed Platforms.ActiveCfg = Release|x86
		{5B32C6CD-C0E1-44F4-8624-562862E32C0F}.Profile|Mixed Platforms.Build.0 = Release|x86
		{5B32C6CD-C0E1-44F4-8624-562862E32C0F}.Profile|x86.ActiveCfg = Release|x86
		{5B32C6CD-C0E1-44F4-8624-562862E32C0F}.Profile|x86.Build.0 = Release|x86
		{5B32C6CD-C0E1-44F4-8624-562862E32C0F}.Release|Any CPU.ActiveCfg = Release|x86
		{5B32C6CD-C0E1-44F4-8624-562862E32C0F}.Release|Any CPU.Build.0 = Release|x86
		{5B32C6CD-C0E1-44F4-8624-562862E32C0F}.Release|Mixed Platforms.ActiveCfg = Release|x86
		{5B32C6CD-C0E1-44F4-8624-562862E32C0F}.Release|Mixed Platforms.Build.0 = Release|x86
		{5B32C6CD-C0E1-44F4-8624-562862E32C0F}.Release|x86.ActiveCfg = Release|x86
		{5B32C6CD-C0E1-44F4-8624-562862E32C0F}.Release|x86.Build.0 = Release|x86
		{5B32C6CD-C0E1-44F4-8624-562862E32C0F}.ReleaseTest|Any CPU.ActiveCfg = Release|x86
		{5B32C6CD-C0E1-44F4-8624-562862E32C0F}.ReleaseTest|Mixed Platforms.ActiveCfg = Release|x86
		{5B32C6CD-C0E1-44F4-8624-562862E32C0F}.ReleaseTest|Mixed Platforms.Build.0 = Release|x86
		{5B32C6CD-C0E1-44F4-8624-562862E32C0F}.ReleaseTest|x86.ActiveCfg = Release|x86
		{5B32C6CD-C0E1-44F4-8624-562862E32C0F}.ReleaseTest|x86.Build.0 = Release|x86
		{5B32C6CD-C0E1-44F4-8624-562862E32C0F}.Silverlight2|Any CPU.ActiveCfg = Release|x86
		{5B32C6CD-C0E1-44F4-8624-562862E32C0F}.Silverlight2|Mixed Platforms.ActiveCfg = Release|x86
		{5B32C6CD-C0E1-44F4-8624-562862E32C0F}.Silverlight2|Mixed Platforms.Build.0 = Release|x86
		{5B32C6CD-C0E1-44F4-8624-562862E32C0F}.Silverlight2|x86.ActiveCfg = Release|x86
		{5B32C6CD-C0E1-44F4-8624-562862E32C0F}.Silverlight2|x86.Build.0 = Release|x86
		{5B32C6CD-C0E1-44F4-8624-562862E32C0F}.SingleImage|Any CPU.ActiveCfg = Debug|x86
		{5B32C6CD-C0E1-44F4-8624-562862E32C0F}.SingleImage|Mixed Platforms.ActiveCfg = Debug|x86
		{5B32C6CD-C0E1-44F4-8624-562862E32C0F}.SingleImage|Mixed Platforms.Build.0 = Debug|x86
		{5B32C6CD-C0E1-44F4-8624-562862E32C0F}.SingleImage|x86.ActiveCfg = Debug|x86
		{5B32C6CD-C0E1-44F4-8624-562862E32C0F}.SingleImage|x86.Build.0 = Debug|x86
		{5B32C6CD-C0E1-44F4-8624-562862E32C0F}.Unity|Any CPU.ActiveCfg = Release|x86
		{5B32C6CD-C0E1-44F4-8624-562862E32C0F}.Unity|Mixed Platforms.ActiveCfg = Release|x86
		{5B32C6CD-C0E1-44F4-8624-562862E32C0F}.Unity|Mixed Platforms.Build.0 = Release|x86
		{5B32C6CD-C0E1-44F4-8624-562862E32C0F}.Unity|x86.ActiveCfg = Release|x86
		{5B32C6CD-C0E1-44F4-8624-562862E32C0F}.Unity|x86.Build.0 = Release|x86
		{533897F2-0F54-48B7-88E6-626D4FA4CDBB}.CD_ROM|Any CPU.ActiveCfg = Debug|Any CPU
		{533897F2-0F54-48B7-88E6-626D4FA4CDBB}.CD_ROM|Any CPU.Build.0 = Debug|Any CPU
		{533897F2-0F54-48B7-88E6-626D4FA4CDBB}.CD_ROM|Mixed Platforms.ActiveCfg = Debug|Any CPU
		{533897F2-0F54-48B7-88E6-626D4FA4CDBB}.CD_ROM|Mixed Platforms.Build.0 = Debug|Any CPU
		{533897F2-0F54-48B7-88E6-626D4FA4CDBB}.CD_ROM|x86.ActiveCfg = Debug|Any CPU
		{533897F2-0F54-48B7-88E6-626D4FA4CDBB}.CoreOnly|Any CPU.ActiveCfg = Release|Any CPU
		{533897F2-0F54-48B7-88E6-626D4FA4CDBB}.CoreOnly|Any CPU.Build.0 = Release|Any CPU
		{533897F2-0F54-48B7-88E6-626D4FA4CDBB}.CoreOnly|Mixed Platforms.ActiveCfg = Release|Any CPU
		{533897F2-0F54-48B7-88E6-626D4FA4CDBB}.CoreOnly|Mixed Platforms.Build.0 = Release|Any CPU
		{533897F2-0F54-48B7-88E6-626D4FA4CDBB}.CoreOnly|x86.ActiveCfg = Release|Any CPU
		{533897F2-0F54-48B7-88E6-626D4FA4CDBB}.Debug|Any CPU.ActiveCfg = Debug|Any CPU
		{533897F2-0F54-48B7-88E6-626D4FA4CDBB}.Debug|Any CPU.Build.0 = Debug|Any CPU
		{533897F2-0F54-48B7-88E6-626D4FA4CDBB}.Debug|Mixed Platforms.ActiveCfg = Debug|Any CPU
		{533897F2-0F54-48B7-88E6-626D4FA4CDBB}.Debug|Mixed Platforms.Build.0 = Debug|Any CPU
		{533897F2-0F54-48B7-88E6-626D4FA4CDBB}.Debug|x86.ActiveCfg = Debug|Any CPU
		{533897F2-0F54-48B7-88E6-626D4FA4CDBB}.DebugTest|Any CPU.ActiveCfg = Debug|Any CPU
		{533897F2-0F54-48B7-88E6-626D4FA4CDBB}.DebugTest|Any CPU.Build.0 = Debug|Any CPU
		{533897F2-0F54-48B7-88E6-626D4FA4CDBB}.DebugTest|Mixed Platforms.ActiveCfg = Debug|Any CPU
		{533897F2-0F54-48B7-88E6-626D4FA4CDBB}.DebugTest|Mixed Platforms.Build.0 = Debug|Any CPU
		{533897F2-0F54-48B7-88E6-626D4FA4CDBB}.DebugTest|x86.ActiveCfg = Debug|Any CPU
		{533897F2-0F54-48B7-88E6-626D4FA4CDBB}.DVD-5|Any CPU.ActiveCfg = Debug|Any CPU
		{533897F2-0F54-48B7-88E6-626D4FA4CDBB}.DVD-5|Any CPU.Build.0 = Debug|Any CPU
		{533897F2-0F54-48B7-88E6-626D4FA4CDBB}.DVD-5|Mixed Platforms.ActiveCfg = Debug|Any CPU
		{533897F2-0F54-48B7-88E6-626D4FA4CDBB}.DVD-5|Mixed Platforms.Build.0 = Debug|Any CPU
		{533897F2-0F54-48B7-88E6-626D4FA4CDBB}.DVD-5|x86.ActiveCfg = Debug|Any CPU
		{533897F2-0F54-48B7-88E6-626D4FA4CDBB}.iOS|Any CPU.ActiveCfg = Release|Any CPU
		{533897F2-0F54-48B7-88E6-626D4FA4CDBB}.iOS|Any CPU.Build.0 = Release|Any CPU
		{533897F2-0F54-48B7-88E6-626D4FA4CDBB}.iOS|Mixed Platforms.ActiveCfg = Release|Any CPU
		{533897F2-0F54-48B7-88E6-626D4FA4CDBB}.iOS|Mixed Platforms.Build.0 = Release|Any CPU
		{533897F2-0F54-48B7-88E6-626D4FA4CDBB}.iOS|x86.ActiveCfg = Release|Any CPU
		{533897F2-0F54-48B7-88E6-626D4FA4CDBB}.Net20|Any CPU.ActiveCfg = Release|Any CPU
		{533897F2-0F54-48B7-88E6-626D4FA4CDBB}.Net20|Any CPU.Build.0 = Release|Any CPU
		{533897F2-0F54-48B7-88E6-626D4FA4CDBB}.Net20|Mixed Platforms.ActiveCfg = Release|Any CPU
		{533897F2-0F54-48B7-88E6-626D4FA4CDBB}.Net20|Mixed Platforms.Build.0 = Release|Any CPU
		{533897F2-0F54-48B7-88E6-626D4FA4CDBB}.Net20|x86.ActiveCfg = Release|Any CPU
		{533897F2-0F54-48B7-88E6-626D4FA4CDBB}.Profile|Any CPU.ActiveCfg = Release|Any CPU
		{533897F2-0F54-48B7-88E6-626D4FA4CDBB}.Profile|Any CPU.Build.0 = Release|Any CPU
		{533897F2-0F54-48B7-88E6-626D4FA4CDBB}.Profile|Mixed Platforms.ActiveCfg = Release|Any CPU
		{533897F2-0F54-48B7-88E6-626D4FA4CDBB}.Profile|Mixed Platforms.Build.0 = Release|Any CPU
		{533897F2-0F54-48B7-88E6-626D4FA4CDBB}.Profile|x86.ActiveCfg = Release|Any CPU
		{533897F2-0F54-48B7-88E6-626D4FA4CDBB}.Release|Any CPU.ActiveCfg = Release|Any CPU
		{533897F2-0F54-48B7-88E6-626D4FA4CDBB}.Release|Any CPU.Build.0 = Release|Any CPU
		{533897F2-0F54-48B7-88E6-626D4FA4CDBB}.Release|Mixed Platforms.ActiveCfg = Release|Any CPU
		{533897F2-0F54-48B7-88E6-626D4FA4CDBB}.Release|Mixed Platforms.Build.0 = Release|Any CPU
		{533897F2-0F54-48B7-88E6-626D4FA4CDBB}.Release|x86.ActiveCfg = Release|Any CPU
		{533897F2-0F54-48B7-88E6-626D4FA4CDBB}.ReleaseTest|Any CPU.ActiveCfg = Release|Any CPU
		{533897F2-0F54-48B7-88E6-626D4FA4CDBB}.ReleaseTest|Any CPU.Build.0 = Release|Any CPU
		{533897F2-0F54-48B7-88E6-626D4FA4CDBB}.ReleaseTest|Mixed Platforms.ActiveCfg = Release|Any CPU
		{533897F2-0F54-48B7-88E6-626D4FA4CDBB}.ReleaseTest|Mixed Platforms.Build.0 = Release|Any CPU
		{533897F2-0F54-48B7-88E6-626D4FA4CDBB}.ReleaseTest|x86.ActiveCfg = Release|Any CPU
		{533897F2-0F54-48B7-88E6-626D4FA4CDBB}.Silverlight2|Any CPU.ActiveCfg = Release|Any CPU
		{533897F2-0F54-48B7-88E6-626D4FA4CDBB}.Silverlight2|Any CPU.Build.0 = Release|Any CPU
		{533897F2-0F54-48B7-88E6-626D4FA4CDBB}.Silverlight2|Mixed Platforms.ActiveCfg = Release|Any CPU
		{533897F2-0F54-48B7-88E6-626D4FA4CDBB}.Silverlight2|Mixed Platforms.Build.0 = Release|Any CPU
		{533897F2-0F54-48B7-88E6-626D4FA4CDBB}.Silverlight2|x86.ActiveCfg = Release|Any CPU
		{533897F2-0F54-48B7-88E6-626D4FA4CDBB}.SingleImage|Any CPU.ActiveCfg = Debug|Any CPU
		{533897F2-0F54-48B7-88E6-626D4FA4CDBB}.SingleImage|Any CPU.Build.0 = Debug|Any CPU
		{533897F2-0F54-48B7-88E6-626D4FA4CDBB}.SingleImage|Mixed Platforms.ActiveCfg = Debug|Any CPU
		{533897F2-0F54-48B7-88E6-626D4FA4CDBB}.SingleImage|Mixed Platforms.Build.0 = Debug|Any CPU
		{533897F2-0F54-48B7-88E6-626D4FA4CDBB}.SingleImage|x86.ActiveCfg = Debug|Any CPU
		{533897F2-0F54-48B7-88E6-626D4FA4CDBB}.Unity|Any CPU.ActiveCfg = Release|Any CPU
		{533897F2-0F54-48B7-88E6-626D4FA4CDBB}.Unity|Any CPU.Build.0 = Release|Any CPU
		{533897F2-0F54-48B7-88E6-626D4FA4CDBB}.Unity|Mixed Platforms.ActiveCfg = Release|Any CPU
		{533897F2-0F54-48B7-88E6-626D4FA4CDBB}.Unity|Mixed Platforms.Build.0 = Release|Any CPU
		{533897F2-0F54-48B7-88E6-626D4FA4CDBB}.Unity|x86.ActiveCfg = Release|Any CPU
		{206FF257-31D6-48C9-9162-F527EF8BDF3B}.CD_ROM|Any CPU.ActiveCfg = Debug|Any CPU
		{206FF257-31D6-48C9-9162-F527EF8BDF3B}.CD_ROM|Any CPU.Build.0 = Debug|Any CPU
		{206FF257-31D6-48C9-9162-F527EF8BDF3B}.CD_ROM|Mixed Platforms.ActiveCfg = Debug|Any CPU
		{206FF257-31D6-48C9-9162-F527EF8BDF3B}.CD_ROM|Mixed Platforms.Build.0 = Debug|Any CPU
		{206FF257-31D6-48C9-9162-F527EF8BDF3B}.CD_ROM|x86.ActiveCfg = Debug|Any CPU
		{206FF257-31D6-48C9-9162-F527EF8BDF3B}.CoreOnly|Any CPU.ActiveCfg = Release|Any CPU
		{206FF257-31D6-48C9-9162-F527EF8BDF3B}.CoreOnly|Any CPU.Build.0 = Release|Any CPU
		{206FF257-31D6-48C9-9162-F527EF8BDF3B}.CoreOnly|Mixed Platforms.ActiveCfg = Release|Any CPU
		{206FF257-31D6-48C9-9162-F527EF8BDF3B}.CoreOnly|Mixed Platforms.Build.0 = Release|Any CPU
		{206FF257-31D6-48C9-9162-F527EF8BDF3B}.CoreOnly|x86.ActiveCfg = Release|Any CPU
		{206FF257-31D6-48C9-9162-F527EF8BDF3B}.Debug|Any CPU.ActiveCfg = Debug|Any CPU
		{206FF257-31D6-48C9-9162-F527EF8BDF3B}.Debug|Any CPU.Build.0 = Debug|Any CPU
		{206FF257-31D6-48C9-9162-F527EF8BDF3B}.Debug|Mixed Platforms.ActiveCfg = Debug|Any CPU
		{206FF257-31D6-48C9-9162-F527EF8BDF3B}.Debug|Mixed Platforms.Build.0 = Debug|Any CPU
		{206FF257-31D6-48C9-9162-F527EF8BDF3B}.Debug|x86.ActiveCfg = Debug|Any CPU
		{206FF257-31D6-48C9-9162-F527EF8BDF3B}.DebugTest|Any CPU.ActiveCfg = Debug|Any CPU
		{206FF257-31D6-48C9-9162-F527EF8BDF3B}.DebugTest|Any CPU.Build.0 = Debug|Any CPU
		{206FF257-31D6-48C9-9162-F527EF8BDF3B}.DebugTest|Mixed Platforms.ActiveCfg = Debug|Any CPU
		{206FF257-31D6-48C9-9162-F527EF8BDF3B}.DebugTest|Mixed Platforms.Build.0 = Debug|Any CPU
		{206FF257-31D6-48C9-9162-F527EF8BDF3B}.DebugTest|x86.ActiveCfg = Debug|Any CPU
		{206FF257-31D6-48C9-9162-F527EF8BDF3B}.DVD-5|Any CPU.ActiveCfg = Debug|Any CPU
		{206FF257-31D6-48C9-9162-F527EF8BDF3B}.DVD-5|Any CPU.Build.0 = Debug|Any CPU
		{206FF257-31D6-48C9-9162-F527EF8BDF3B}.DVD-5|Mixed Platforms.ActiveCfg = Debug|Any CPU
		{206FF257-31D6-48C9-9162-F527EF8BDF3B}.DVD-5|Mixed Platforms.Build.0 = Debug|Any CPU
		{206FF257-31D6-48C9-9162-F527EF8BDF3B}.DVD-5|x86.ActiveCfg = Debug|Any CPU
		{206FF257-31D6-48C9-9162-F527EF8BDF3B}.iOS|Any CPU.ActiveCfg = Release|Any CPU
		{206FF257-31D6-48C9-9162-F527EF8BDF3B}.iOS|Any CPU.Build.0 = Release|Any CPU
		{206FF257-31D6-48C9-9162-F527EF8BDF3B}.iOS|Mixed Platforms.ActiveCfg = Release|Any CPU
		{206FF257-31D6-48C9-9162-F527EF8BDF3B}.iOS|Mixed Platforms.Build.0 = Release|Any CPU
		{206FF257-31D6-48C9-9162-F527EF8BDF3B}.iOS|x86.ActiveCfg = Release|Any CPU
		{206FF257-31D6-48C9-9162-F527EF8BDF3B}.Net20|Any CPU.ActiveCfg = Release|Any CPU
		{206FF257-31D6-48C9-9162-F527EF8BDF3B}.Net20|Any CPU.Build.0 = Release|Any CPU
		{206FF257-31D6-48C9-9162-F527EF8BDF3B}.Net20|Mixed Platforms.ActiveCfg = Release|Any CPU
		{206FF257-31D6-48C9-9162-F527EF8BDF3B}.Net20|Mixed Platforms.Build.0 = Release|Any CPU
		{206FF257-31D6-48C9-9162-F527EF8BDF3B}.Net20|x86.ActiveCfg = Release|Any CPU
		{206FF257-31D6-48C9-9162-F527EF8BDF3B}.Profile|Any CPU.ActiveCfg = Release|Any CPU
		{206FF257-31D6-48C9-9162-F527EF8BDF3B}.Profile|Any CPU.Build.0 = Release|Any CPU
		{206FF257-31D6-48C9-9162-F527EF8BDF3B}.Profile|Mixed Platforms.ActiveCfg = Release|Any CPU
		{206FF257-31D6-48C9-9162-F527EF8BDF3B}.Profile|Mixed Platforms.Build.0 = Release|Any CPU
		{206FF257-31D6-48C9-9162-F527EF8BDF3B}.Profile|x86.ActiveCfg = Release|Any CPU
		{206FF257-31D6-48C9-9162-F527EF8BDF3B}.Release|Any CPU.ActiveCfg = Release|Any CPU
		{206FF257-31D6-48C9-9162-F527EF8BDF3B}.Release|Any CPU.Build.0 = Release|Any CPU
		{206FF257-31D6-48C9-9162-F527EF8BDF3B}.Release|Mixed Platforms.ActiveCfg = Release|Any CPU
		{206FF257-31D6-48C9-9162-F527EF8BDF3B}.Release|Mixed Platforms.Build.0 = Release|Any CPU
		{206FF257-31D6-48C9-9162-F527EF8BDF3B}.Release|x86.ActiveCfg = Release|Any CPU
		{206FF257-31D6-48C9-9162-F527EF8BDF3B}.ReleaseTest|Any CPU.ActiveCfg = Release|Any CPU
		{206FF257-31D6-48C9-9162-F527EF8BDF3B}.ReleaseTest|Any CPU.Build.0 = Release|Any CPU
		{206FF257-31D6-48C9-9162-F527EF8BDF3B}.ReleaseTest|Mixed Platforms.ActiveCfg = Release|Any CPU
		{206FF257-31D6-48C9-9162-F527EF8BDF3B}.ReleaseTest|Mixed Platforms.Build.0 = Release|Any CPU
		{206FF257-31D6-48C9-9162-F527EF8BDF3B}.ReleaseTest|x86.ActiveCfg = Release|Any CPU
		{206FF257-31D6-48C9-9162-F527EF8BDF3B}.Silverlight2|Any CPU.ActiveCfg = Release|Any CPU
		{206FF257-31D6-48C9-9162-F527EF8BDF3B}.Silverlight2|Any CPU.Build.0 = Release|Any CPU
		{206FF257-31D6-48C9-9162-F527EF8BDF3B}.Silverlight2|Mixed Platforms.ActiveCfg = Release|Any CPU
		{206FF257-31D6-48C9-9162-F527EF8BDF3B}.Silverlight2|Mixed Platforms.Build.0 = Release|Any CPU
		{206FF257-31D6-48C9-9162-F527EF8BDF3B}.Silverlight2|x86.ActiveCfg = Release|Any CPU
		{206FF257-31D6-48C9-9162-F527EF8BDF3B}.SingleImage|Any CPU.ActiveCfg = Debug|Any CPU
		{206FF257-31D6-48C9-9162-F527EF8BDF3B}.SingleImage|Any CPU.Build.0 = Debug|Any CPU
		{206FF257-31D6-48C9-9162-F527EF8BDF3B}.SingleImage|Mixed Platforms.ActiveCfg = Debug|Any CPU
		{206FF257-31D6-48C9-9162-F527EF8BDF3B}.SingleImage|Mixed Platforms.Build.0 = Debug|Any CPU
		{206FF257-31D6-48C9-9162-F527EF8BDF3B}.SingleImage|x86.ActiveCfg = Debug|Any CPU
		{206FF257-31D6-48C9-9162-F527EF8BDF3B}.Unity|Any CPU.ActiveCfg = Release|Any CPU
		{206FF257-31D6-48C9-9162-F527EF8BDF3B}.Unity|Any CPU.Build.0 = Release|Any CPU
		{206FF257-31D6-48C9-9162-F527EF8BDF3B}.Unity|Mixed Platforms.ActiveCfg = Release|Any CPU
		{206FF257-31D6-48C9-9162-F527EF8BDF3B}.Unity|Mixed Platforms.Build.0 = Release|Any CPU
		{206FF257-31D6-48C9-9162-F527EF8BDF3B}.Unity|x86.ActiveCfg = Release|Any CPU
		{D7CD6BA1-F030-4F5F-AC36-4BA44A501365}.CD_ROM|Any CPU.ActiveCfg = Debug|Any CPU
		{D7CD6BA1-F030-4F5F-AC36-4BA44A501365}.CD_ROM|Any CPU.Build.0 = Debug|Any CPU
		{D7CD6BA1-F030-4F5F-AC36-4BA44A501365}.CD_ROM|Mixed Platforms.ActiveCfg = Debug|Any CPU
		{D7CD6BA1-F030-4F5F-AC36-4BA44A501365}.CD_ROM|Mixed Platforms.Build.0 = Debug|Any CPU
		{D7CD6BA1-F030-4F5F-AC36-4BA44A501365}.CD_ROM|x86.ActiveCfg = Debug|Any CPU
		{D7CD6BA1-F030-4F5F-AC36-4BA44A501365}.CoreOnly|Any CPU.ActiveCfg = Release|Any CPU
		{D7CD6BA1-F030-4F5F-AC36-4BA44A501365}.CoreOnly|Any CPU.Build.0 = Release|Any CPU
		{D7CD6BA1-F030-4F5F-AC36-4BA44A501365}.CoreOnly|Mixed Platforms.ActiveCfg = Release|Any CPU
		{D7CD6BA1-F030-4F5F-AC36-4BA44A501365}.CoreOnly|Mixed Platforms.Build.0 = Release|Any CPU
		{D7CD6BA1-F030-4F5F-AC36-4BA44A501365}.CoreOnly|x86.ActiveCfg = Release|Any CPU
		{D7CD6BA1-F030-4F5F-AC36-4BA44A501365}.Debug|Any CPU.ActiveCfg = Debug|Any CPU
		{D7CD6BA1-F030-4F5F-AC36-4BA44A501365}.Debug|Any CPU.Build.0 = Debug|Any CPU
		{D7CD6BA1-F030-4F5F-AC36-4BA44A501365}.Debug|Mixed Platforms.ActiveCfg = Debug|Any CPU
		{D7CD6BA1-F030-4F5F-AC36-4BA44A501365}.Debug|Mixed Platforms.Build.0 = Debug|Any CPU
		{D7CD6BA1-F030-4F5F-AC36-4BA44A501365}.Debug|x86.ActiveCfg = Debug|Any CPU
		{D7CD6BA1-F030-4F5F-AC36-4BA44A501365}.DebugTest|Any CPU.ActiveCfg = Debug|Any CPU
		{D7CD6BA1-F030-4F5F-AC36-4BA44A501365}.DebugTest|Any CPU.Build.0 = Debug|Any CPU
		{D7CD6BA1-F030-4F5F-AC36-4BA44A501365}.DebugTest|Mixed Platforms.ActiveCfg = Debug|Any CPU
		{D7CD6BA1-F030-4F5F-AC36-4BA44A501365}.DebugTest|Mixed Platforms.Build.0 = Debug|Any CPU
		{D7CD6BA1-F030-4F5F-AC36-4BA44A501365}.DebugTest|x86.ActiveCfg = Debug|Any CPU
		{D7CD6BA1-F030-4F5F-AC36-4BA44A501365}.DVD-5|Any CPU.ActiveCfg = Debug|Any CPU
		{D7CD6BA1-F030-4F5F-AC36-4BA44A501365}.DVD-5|Any CPU.Build.0 = Debug|Any CPU
		{D7CD6BA1-F030-4F5F-AC36-4BA44A501365}.DVD-5|Mixed Platforms.ActiveCfg = Debug|Any CPU
		{D7CD6BA1-F030-4F5F-AC36-4BA44A501365}.DVD-5|Mixed Platforms.Build.0 = Debug|Any CPU
		{D7CD6BA1-F030-4F5F-AC36-4BA44A501365}.DVD-5|x86.ActiveCfg = Debug|Any CPU
		{D7CD6BA1-F030-4F5F-AC36-4BA44A501365}.iOS|Any CPU.ActiveCfg = Release|Any CPU
		{D7CD6BA1-F030-4F5F-AC36-4BA44A501365}.iOS|Any CPU.Build.0 = Release|Any CPU
		{D7CD6BA1-F030-4F5F-AC36-4BA44A501365}.iOS|Mixed Platforms.ActiveCfg = Release|Any CPU
		{D7CD6BA1-F030-4F5F-AC36-4BA44A501365}.iOS|Mixed Platforms.Build.0 = Release|Any CPU
		{D7CD6BA1-F030-4F5F-AC36-4BA44A501365}.iOS|x86.ActiveCfg = Release|Any CPU
		{D7CD6BA1-F030-4F5F-AC36-4BA44A501365}.Net20|Any CPU.ActiveCfg = Release|Any CPU
		{D7CD6BA1-F030-4F5F-AC36-4BA44A501365}.Net20|Any CPU.Build.0 = Release|Any CPU
		{D7CD6BA1-F030-4F5F-AC36-4BA44A501365}.Net20|Mixed Platforms.ActiveCfg = Release|Any CPU
		{D7CD6BA1-F030-4F5F-AC36-4BA44A501365}.Net20|Mixed Platforms.Build.0 = Release|Any CPU
		{D7CD6BA1-F030-4F5F-AC36-4BA44A501365}.Net20|x86.ActiveCfg = Release|Any CPU
		{D7CD6BA1-F030-4F5F-AC36-4BA44A501365}.Profile|Any CPU.ActiveCfg = Release|Any CPU
		{D7CD6BA1-F030-4F5F-AC36-4BA44A501365}.Profile|Any CPU.Build.0 = Release|Any CPU
		{D7CD6BA1-F030-4F5F-AC36-4BA44A501365}.Profile|Mixed Platforms.ActiveCfg = Release|Any CPU
		{D7CD6BA1-F030-4F5F-AC36-4BA44A501365}.Profile|Mixed Platforms.Build.0 = Release|Any CPU
		{D7CD6BA1-F030-4F5F-AC36-4BA44A501365}.Profile|x86.ActiveCfg = Release|Any CPU
		{D7CD6BA1-F030-4F5F-AC36-4BA44A501365}.Release|Any CPU.ActiveCfg = Release|Any CPU
		{D7CD6BA1-F030-4F5F-AC36-4BA44A501365}.Release|Any CPU.Build.0 = Release|Any CPU
		{D7CD6BA1-F030-4F5F-AC36-4BA44A501365}.Release|Mixed Platforms.ActiveCfg = Release|Any CPU
		{D7CD6BA1-F030-4F5F-AC36-4BA44A501365}.Release|Mixed Platforms.Build.0 = Release|Any CPU
		{D7CD6BA1-F030-4F5F-AC36-4BA44A501365}.Release|x86.ActiveCfg = Release|Any CPU
		{D7CD6BA1-F030-4F5F-AC36-4BA44A501365}.ReleaseTest|Any CPU.ActiveCfg = Release|Any CPU
		{D7CD6BA1-F030-4F5F-AC36-4BA44A501365}.ReleaseTest|Any CPU.Build.0 = Release|Any CPU
		{D7CD6BA1-F030-4F5F-AC36-4BA44A501365}.ReleaseTest|Mixed Platforms.ActiveCfg = Release|Any CPU
		{D7CD6BA1-F030-4F5F-AC36-4BA44A501365}.ReleaseTest|Mixed Platforms.Build.0 = Release|Any CPU
		{D7CD6BA1-F030-4F5F-AC36-4BA44A501365}.ReleaseTest|x86.ActiveCfg = Release|Any CPU
		{D7CD6BA1-F030-4F5F-AC36-4BA44A501365}.Silverlight2|Any CPU.ActiveCfg = Release|Any CPU
		{D7CD6BA1-F030-4F5F-AC36-4BA44A501365}.Silverlight2|Any CPU.Build.0 = Release|Any CPU
		{D7CD6BA1-F030-4F5F-AC36-4BA44A501365}.Silverlight2|Mixed Platforms.ActiveCfg = Release|Any CPU
		{D7CD6BA1-F030-4F5F-AC36-4BA44A501365}.Silverlight2|Mixed Platforms.Build.0 = Release|Any CPU
		{D7CD6BA1-F030-4F5F-AC36-4BA44A501365}.Silverlight2|x86.ActiveCfg = Release|Any CPU
		{D7CD6BA1-F030-4F5F-AC36-4BA44A501365}.SingleImage|Any CPU.ActiveCfg = Debug|Any CPU
		{D7CD6BA1-F030-4F5F-AC36-4BA44A501365}.SingleImage|Any CPU.Build.0 = Debug|Any CPU
		{D7CD6BA1-F030-4F5F-AC36-4BA44A501365}.SingleImage|Mixed Platforms.ActiveCfg = Debug|Any CPU
		{D7CD6BA1-F030-4F5F-AC36-4BA44A501365}.SingleImage|Mixed Platforms.Build.0 = Debug|Any CPU
		{D7CD6BA1-F030-4F5F-AC36-4BA44A501365}.SingleImage|x86.ActiveCfg = Debug|Any CPU
		{D7CD6BA1-F030-4F5F-AC36-4BA44A501365}.Unity|Any CPU.ActiveCfg = Release|Any CPU
		{D7CD6BA1-F030-4F5F-AC36-4BA44A501365}.Unity|Any CPU.Build.0 = Release|Any CPU
		{D7CD6BA1-F030-4F5F-AC36-4BA44A501365}.Unity|Mixed Platforms.ActiveCfg = Release|Any CPU
		{D7CD6BA1-F030-4F5F-AC36-4BA44A501365}.Unity|Mixed Platforms.Build.0 = Release|Any CPU
		{D7CD6BA1-F030-4F5F-AC36-4BA44A501365}.Unity|x86.ActiveCfg = Release|Any CPU
		{70BC044E-105C-409D-B460-147DA471BD0B}.CD_ROM|Any CPU.ActiveCfg = Debug|Any CPU
		{70BC044E-105C-409D-B460-147DA471BD0B}.CD_ROM|Any CPU.Build.0 = Debug|Any CPU
		{70BC044E-105C-409D-B460-147DA471BD0B}.CD_ROM|Mixed Platforms.ActiveCfg = Debug|Any CPU
		{70BC044E-105C-409D-B460-147DA471BD0B}.CD_ROM|Mixed Platforms.Build.0 = Debug|Any CPU
		{70BC044E-105C-409D-B460-147DA471BD0B}.CD_ROM|x86.ActiveCfg = Debug|Any CPU
		{70BC044E-105C-409D-B460-147DA471BD0B}.CoreOnly|Any CPU.ActiveCfg = Release|Any CPU
		{70BC044E-105C-409D-B460-147DA471BD0B}.CoreOnly|Any CPU.Build.0 = Release|Any CPU
		{70BC044E-105C-409D-B460-147DA471BD0B}.CoreOnly|Mixed Platforms.ActiveCfg = Release|Any CPU
		{70BC044E-105C-409D-B460-147DA471BD0B}.CoreOnly|Mixed Platforms.Build.0 = Release|Any CPU
		{70BC044E-105C-409D-B460-147DA471BD0B}.CoreOnly|x86.ActiveCfg = Release|Any CPU
		{70BC044E-105C-409D-B460-147DA471BD0B}.Debug|Any CPU.ActiveCfg = Debug|Any CPU
		{70BC044E-105C-409D-B460-147DA471BD0B}.Debug|Any CPU.Build.0 = Debug|Any CPU
		{70BC044E-105C-409D-B460-147DA471BD0B}.Debug|Mixed Platforms.ActiveCfg = Debug|Any CPU
		{70BC044E-105C-409D-B460-147DA471BD0B}.Debug|Mixed Platforms.Build.0 = Debug|Any CPU
		{70BC044E-105C-409D-B460-147DA471BD0B}.Debug|x86.ActiveCfg = Debug|Any CPU
		{70BC044E-105C-409D-B460-147DA471BD0B}.DebugTest|Any CPU.ActiveCfg = Debug|Any CPU
		{70BC044E-105C-409D-B460-147DA471BD0B}.DebugTest|Any CPU.Build.0 = Debug|Any CPU
		{70BC044E-105C-409D-B460-147DA471BD0B}.DebugTest|Mixed Platforms.ActiveCfg = Debug|Any CPU
		{70BC044E-105C-409D-B460-147DA471BD0B}.DebugTest|Mixed Platforms.Build.0 = Debug|Any CPU
		{70BC044E-105C-409D-B460-147DA471BD0B}.DebugTest|x86.ActiveCfg = Debug|Any CPU
		{70BC044E-105C-409D-B460-147DA471BD0B}.DVD-5|Any CPU.ActiveCfg = Debug|Any CPU
		{70BC044E-105C-409D-B460-147DA471BD0B}.DVD-5|Any CPU.Build.0 = Debug|Any CPU
		{70BC044E-105C-409D-B460-147DA471BD0B}.DVD-5|Mixed Platforms.ActiveCfg = Debug|Any CPU
		{70BC044E-105C-409D-B460-147DA471BD0B}.DVD-5|Mixed Platforms.Build.0 = Debug|Any CPU
		{70BC044E-105C-409D-B460-147DA471BD0B}.DVD-5|x86.ActiveCfg = Debug|Any CPU
		{70BC044E-105C-409D-B460-147DA471BD0B}.iOS|Any CPU.ActiveCfg = Release|Any CPU
		{70BC044E-105C-409D-B460-147DA471BD0B}.iOS|Any CPU.Build.0 = Release|Any CPU
		{70BC044E-105C-409D-B460-147DA471BD0B}.iOS|Mixed Platforms.ActiveCfg = Release|Any CPU
		{70BC044E-105C-409D-B460-147DA471BD0B}.iOS|Mixed Platforms.Build.0 = Release|Any CPU
		{70BC044E-105C-409D-B460-147DA471BD0B}.iOS|x86.ActiveCfg = Release|Any CPU
		{70BC044E-105C-409D-B460-147DA471BD0B}.Net20|Any CPU.ActiveCfg = Release|Any CPU
		{70BC044E-105C-409D-B460-147DA471BD0B}.Net20|Any CPU.Build.0 = Release|Any CPU
		{70BC044E-105C-409D-B460-147DA471BD0B}.Net20|Mixed Platforms.ActiveCfg = Release|Any CPU
		{70BC044E-105C-409D-B460-147DA471BD0B}.Net20|Mixed Platforms.Build.0 = Release|Any CPU
		{70BC044E-105C-409D-B460-147DA471BD0B}.Net20|x86.ActiveCfg = Release|Any CPU
		{70BC044E-105C-409D-B460-147DA471BD0B}.Profile|Any CPU.ActiveCfg = Release|Any CPU
		{70BC044E-105C-409D-B460-147DA471BD0B}.Profile|Any CPU.Build.0 = Release|Any CPU
		{70BC044E-105C-409D-B460-147DA471BD0B}.Profile|Mixed Platforms.ActiveCfg = Release|Any CPU
		{70BC044E-105C-409D-B460-147DA471BD0B}.Profile|Mixed Platforms.Build.0 = Release|Any CPU
		{70BC044E-105C-409D-B460-147DA471BD0B}.Profile|x86.ActiveCfg = Release|Any CPU
		{70BC044E-105C-409D-B460-147DA471BD0B}.Release|Any CPU.ActiveCfg = Release|Any CPU
		{70BC044E-105C-409D-B460-147DA471BD0B}.Release|Any CPU.Build.0 = Release|Any CPU
		{70BC044E-105C-409D-B460-147DA471BD0B}.Release|Mixed Platforms.ActiveCfg = Release|Any CPU
		{70BC044E-105C-409D-B460-147DA471BD0B}.Release|Mixed Platforms.Build.0 = Release|Any CPU
		{70BC044E-105C-409D-B460-147DA471BD0B}.Release|x86.ActiveCfg = Release|Any CPU
		{70BC044E-105C-409D-B460-147DA471BD0B}.ReleaseTest|Any CPU.ActiveCfg = Release|Any CPU
		{70BC044E-105C-409D-B460-147DA471BD0B}.ReleaseTest|Any CPU.Build.0 = Release|Any CPU
		{70BC044E-105C-409D-B460-147DA471BD0B}.ReleaseTest|Mixed Platforms.ActiveCfg = Release|Any CPU
		{70BC044E-105C-409D-B460-147DA471BD0B}.ReleaseTest|Mixed Platforms.Build.0 = Release|Any CPU
		{70BC044E-105C-409D-B460-147DA471BD0B}.ReleaseTest|x86.ActiveCfg = Release|Any CPU
		{70BC044E-105C-409D-B460-147DA471BD0B}.Silverlight2|Any CPU.ActiveCfg = Release|Any CPU
		{70BC044E-105C-409D-B460-147DA471BD0B}.Silverlight2|Any CPU.Build.0 = Release|Any CPU
		{70BC044E-105C-409D-B460-147DA471BD0B}.Silverlight2|Mixed Platforms.ActiveCfg = Release|Any CPU
		{70BC044E-105C-409D-B460-147DA471BD0B}.Silverlight2|Mixed Platforms.Build.0 = Release|Any CPU
		{70BC044E-105C-409D-B460-147DA471BD0B}.Silverlight2|x86.ActiveCfg = Release|Any CPU
		{70BC044E-105C-409D-B460-147DA471BD0B}.SingleImage|Any CPU.ActiveCfg = Debug|Any CPU
		{70BC044E-105C-409D-B460-147DA471BD0B}.SingleImage|Any CPU.Build.0 = Debug|Any CPU
		{70BC044E-105C-409D-B460-147DA471BD0B}.SingleImage|Mixed Platforms.ActiveCfg = Debug|Any CPU
		{70BC044E-105C-409D-B460-147DA471BD0B}.SingleImage|Mixed Platforms.Build.0 = Debug|Any CPU
		{70BC044E-105C-409D-B460-147DA471BD0B}.SingleImage|x86.ActiveCfg = Debug|Any CPU
		{70BC044E-105C-409D-B460-147DA471BD0B}.Unity|Any CPU.ActiveCfg = Release|Any CPU
		{70BC044E-105C-409D-B460-147DA471BD0B}.Unity|Any CPU.Build.0 = Release|Any CPU
		{70BC044E-105C-409D-B460-147DA471BD0B}.Unity|Mixed Platforms.ActiveCfg = Release|Any CPU
		{70BC044E-105C-409D-B460-147DA471BD0B}.Unity|Mixed Platforms.Build.0 = Release|Any CPU
		{70BC044E-105C-409D-B460-147DA471BD0B}.Unity|x86.ActiveCfg = Release|Any CPU
		{15496AAF-B10A-45D8-A9E5-979F993F2D84}.CD_ROM|Any CPU.ActiveCfg = Debug|Any CPU
		{15496AAF-B10A-45D8-A9E5-979F993F2D84}.CD_ROM|Any CPU.Build.0 = Debug|Any CPU
		{15496AAF-B10A-45D8-A9E5-979F993F2D84}.CD_ROM|Mixed Platforms.ActiveCfg = Debug|Any CPU
		{15496AAF-B10A-45D8-A9E5-979F993F2D84}.CD_ROM|Mixed Platforms.Build.0 = Debug|Any CPU
		{15496AAF-B10A-45D8-A9E5-979F993F2D84}.CD_ROM|x86.ActiveCfg = Debug|Any CPU
		{15496AAF-B10A-45D8-A9E5-979F993F2D84}.CoreOnly|Any CPU.ActiveCfg = Release|Any CPU
		{15496AAF-B10A-45D8-A9E5-979F993F2D84}.CoreOnly|Any CPU.Build.0 = Release|Any CPU
		{15496AAF-B10A-45D8-A9E5-979F993F2D84}.CoreOnly|Mixed Platforms.ActiveCfg = Release|Any CPU
		{15496AAF-B10A-45D8-A9E5-979F993F2D84}.CoreOnly|Mixed Platforms.Build.0 = Release|Any CPU
		{15496AAF-B10A-45D8-A9E5-979F993F2D84}.CoreOnly|x86.ActiveCfg = Release|Any CPU
		{15496AAF-B10A-45D8-A9E5-979F993F2D84}.Debug|Any CPU.ActiveCfg = Debug|Any CPU
		{15496AAF-B10A-45D8-A9E5-979F993F2D84}.Debug|Any CPU.Build.0 = Debug|Any CPU
		{15496AAF-B10A-45D8-A9E5-979F993F2D84}.Debug|Mixed Platforms.ActiveCfg = Debug|Any CPU
		{15496AAF-B10A-45D8-A9E5-979F993F2D84}.Debug|Mixed Platforms.Build.0 = Debug|Any CPU
		{15496AAF-B10A-45D8-A9E5-979F993F2D84}.Debug|x86.ActiveCfg = Debug|Any CPU
		{15496AAF-B10A-45D8-A9E5-979F993F2D84}.DebugTest|Any CPU.ActiveCfg = Debug|Any CPU
		{15496AAF-B10A-45D8-A9E5-979F993F2D84}.DebugTest|Any CPU.Build.0 = Debug|Any CPU
		{15496AAF-B10A-45D8-A9E5-979F993F2D84}.DebugTest|Mixed Platforms.ActiveCfg = Debug|Any CPU
		{15496AAF-B10A-45D8-A9E5-979F993F2D84}.DebugTest|Mixed Platforms.Build.0 = Debug|Any CPU
		{15496AAF-B10A-45D8-A9E5-979F993F2D84}.DebugTest|x86.ActiveCfg = Debug|Any CPU
		{15496AAF-B10A-45D8-A9E5-979F993F2D84}.DVD-5|Any CPU.ActiveCfg = Debug|Any CPU
		{15496AAF-B10A-45D8-A9E5-979F993F2D84}.DVD-5|Any CPU.Build.0 = Debug|Any CPU
		{15496AAF-B10A-45D8-A9E5-979F993F2D84}.DVD-5|Mixed Platforms.ActiveCfg = Debug|Any CPU
		{15496AAF-B10A-45D8-A9E5-979F993F2D84}.DVD-5|Mixed Platforms.Build.0 = Debug|Any CPU
		{15496AAF-B10A-45D8-A9E5-979F993F2D84}.DVD-5|x86.ActiveCfg = Debug|Any CPU
		{15496AAF-B10A-45D8-A9E5-979F993F2D84}.iOS|Any CPU.ActiveCfg = Release|Any CPU
		{15496AAF-B10A-45D8-A9E5-979F993F2D84}.iOS|Any CPU.Build.0 = Release|Any CPU
		{15496AAF-B10A-45D8-A9E5-979F993F2D84}.iOS|Mixed Platforms.ActiveCfg = Release|Any CPU
		{15496AAF-B10A-45D8-A9E5-979F993F2D84}.iOS|Mixed Platforms.Build.0 = Release|Any CPU
		{15496AAF-B10A-45D8-A9E5-979F993F2D84}.iOS|x86.ActiveCfg = Release|Any CPU
		{15496AAF-B10A-45D8-A9E5-979F993F2D84}.Net20|Any CPU.ActiveCfg = Release|Any CPU
		{15496AAF-B10A-45D8-A9E5-979F993F2D84}.Net20|Any CPU.Build.0 = Release|Any CPU
		{15496AAF-B10A-45D8-A9E5-979F993F2D84}.Net20|Mixed Platforms.ActiveCfg = Release|Any CPU
		{15496AAF-B10A-45D8-A9E5-979F993F2D84}.Net20|Mixed Platforms.Build.0 = Release|Any CPU
		{15496AAF-B10A-45D8-A9E5-979F993F2D84}.Net20|x86.ActiveCfg = Release|Any CPU
		{15496AAF-B10A-45D8-A9E5-979F993F2D84}.Profile|Any CPU.ActiveCfg = Release|Any CPU
		{15496AAF-B10A-45D8-A9E5-979F993F2D84}.Profile|Any CPU.Build.0 = Release|Any CPU
		{15496AAF-B10A-45D8-A9E5-979F993F2D84}.Profile|Mixed Platforms.ActiveCfg = Release|Any CPU
		{15496AAF-B10A-45D8-A9E5-979F993F2D84}.Profile|Mixed Platforms.Build.0 = Release|Any CPU
		{15496AAF-B10A-45D8-A9E5-979F993F2D84}.Profile|x86.ActiveCfg = Release|Any CPU
		{15496AAF-B10A-45D8-A9E5-979F993F2D84}.Release|Any CPU.ActiveCfg = Release|Any CPU
		{15496AAF-B10A-45D8-A9E5-979F993F2D84}.Release|Any CPU.Build.0 = Release|Any CPU
		{15496AAF-B10A-45D8-A9E5-979F993F2D84}.Release|Mixed Platforms.ActiveCfg = Release|Any CPU
		{15496AAF-B10A-45D8-A9E5-979F993F2D84}.Release|Mixed Platforms.Build.0 = Release|Any CPU
		{15496AAF-B10A-45D8-A9E5-979F993F2D84}.Release|x86.ActiveCfg = Release|Any CPU
		{15496AAF-B10A-45D8-A9E5-979F993F2D84}.ReleaseTest|Any CPU.ActiveCfg = Release|Any CPU
		{15496AAF-B10A-45D8-A9E5-979F993F2D84}.ReleaseTest|Any CPU.Build.0 = Release|Any CPU
		{15496AAF-B10A-45D8-A9E5-979F993F2D84}.ReleaseTest|Mixed Platforms.ActiveCfg = Release|Any CPU
		{15496AAF-B10A-45D8-A9E5-979F993F2D84}.ReleaseTest|Mixed Platforms.Build.0 = Release|Any CPU
		{15496AAF-B10A-45D8-A9E5-979F993F2D84}.ReleaseTest|x86.ActiveCfg = Release|Any CPU
		{15496AAF-B10A-45D8-A9E5-979F993F2D84}.Silverlight2|Any CPU.ActiveCfg = Release|Any CPU
		{15496AAF-B10A-45D8-A9E5-979F993F2D84}.Silverlight2|Any CPU.Build.0 = Release|Any CPU
		{15496AAF-B10A-45D8-A9E5-979F993F2D84}.Silverlight2|Mixed Platforms.ActiveCfg = Release|Any CPU
		{15496AAF-B10A-45D8-A9E5-979F993F2D84}.Silverlight2|Mixed Platforms.Build.0 = Release|Any CPU
		{15496AAF-B10A-45D8-A9E5-979F993F2D84}.Silverlight2|x86.ActiveCfg = Release|Any CPU
		{15496AAF-B10A-45D8-A9E5-979F993F2D84}.SingleImage|Any CPU.ActiveCfg = Debug|Any CPU
		{15496AAF-B10A-45D8-A9E5-979F993F2D84}.SingleImage|Any CPU.Build.0 = Debug|Any CPU
		{15496AAF-B10A-45D8-A9E5-979F993F2D84}.SingleImage|Mixed Platforms.ActiveCfg = Debug|Any CPU
		{15496AAF-B10A-45D8-A9E5-979F993F2D84}.SingleImage|Mixed Platforms.Build.0 = Debug|Any CPU
		{15496AAF-B10A-45D8-A9E5-979F993F2D84}.SingleImage|x86.ActiveCfg = Debug|Any CPU
		{15496AAF-B10A-45D8-A9E5-979F993F2D84}.Unity|Any CPU.ActiveCfg = Release|Any CPU
		{15496AAF-B10A-45D8-A9E5-979F993F2D84}.Unity|Any CPU.Build.0 = Release|Any CPU
		{15496AAF-B10A-45D8-A9E5-979F993F2D84}.Unity|Mixed Platforms.ActiveCfg = Release|Any CPU
		{15496AAF-B10A-45D8-A9E5-979F993F2D84}.Unity|Mixed Platforms.Build.0 = Release|Any CPU
		{15496AAF-B10A-45D8-A9E5-979F993F2D84}.Unity|x86.ActiveCfg = Release|Any CPU
		{181FE707-E161-4722-9F38-6AAAB6FAA106}.CD_ROM|Any CPU.ActiveCfg = Release|Any CPU
		{181FE707-E161-4722-9F38-6AAAB6FAA106}.CD_ROM|Any CPU.Build.0 = Release|Any CPU
		{181FE707-E161-4722-9F38-6AAAB6FAA106}.CD_ROM|Mixed Platforms.ActiveCfg = Release|Any CPU
		{181FE707-E161-4722-9F38-6AAAB6FAA106}.CD_ROM|Mixed Platforms.Build.0 = Release|Any CPU
		{181FE707-E161-4722-9F38-6AAAB6FAA106}.CD_ROM|x86.ActiveCfg = Release|Any CPU
		{181FE707-E161-4722-9F38-6AAAB6FAA106}.CoreOnly|Any CPU.ActiveCfg = Release|Any CPU
		{181FE707-E161-4722-9F38-6AAAB6FAA106}.CoreOnly|Any CPU.Build.0 = Release|Any CPU
		{181FE707-E161-4722-9F38-6AAAB6FAA106}.CoreOnly|Mixed Platforms.ActiveCfg = Release|Any CPU
		{181FE707-E161-4722-9F38-6AAAB6FAA106}.CoreOnly|Mixed Platforms.Build.0 = Release|Any CPU
		{181FE707-E161-4722-9F38-6AAAB6FAA106}.CoreOnly|x86.ActiveCfg = Release|Any CPU
		{181FE707-E161-4722-9F38-6AAAB6FAA106}.Debug|Any CPU.ActiveCfg = Debug|Any CPU
		{181FE707-E161-4722-9F38-6AAAB6FAA106}.Debug|Any CPU.Build.0 = Debug|Any CPU
		{181FE707-E161-4722-9F38-6AAAB6FAA106}.Debug|Mixed Platforms.ActiveCfg = Debug|Any CPU
		{181FE707-E161-4722-9F38-6AAAB6FAA106}.Debug|Mixed Platforms.Build.0 = Debug|Any CPU
		{181FE707-E161-4722-9F38-6AAAB6FAA106}.Debug|x86.ActiveCfg = Debug|Any CPU
		{181FE707-E161-4722-9F38-6AAAB6FAA106}.DebugTest|Any CPU.ActiveCfg = Debug|Any CPU
		{181FE707-E161-4722-9F38-6AAAB6FAA106}.DebugTest|Any CPU.Build.0 = Debug|Any CPU
		{181FE707-E161-4722-9F38-6AAAB6FAA106}.DebugTest|Mixed Platforms.ActiveCfg = Debug|Any CPU
		{181FE707-E161-4722-9F38-6AAAB6FAA106}.DebugTest|Mixed Platforms.Build.0 = Debug|Any CPU
		{181FE707-E161-4722-9F38-6AAAB6FAA106}.DebugTest|x86.ActiveCfg = Debug|Any CPU
		{181FE707-E161-4722-9F38-6AAAB6FAA106}.DVD-5|Any CPU.ActiveCfg = Debug|Any CPU
		{181FE707-E161-4722-9F38-6AAAB6FAA106}.DVD-5|Any CPU.Build.0 = Debug|Any CPU
		{181FE707-E161-4722-9F38-6AAAB6FAA106}.DVD-5|Mixed Platforms.ActiveCfg = Debug|Any CPU
		{181FE707-E161-4722-9F38-6AAAB6FAA106}.DVD-5|Mixed Platforms.Build.0 = Debug|Any CPU
		{181FE707-E161-4722-9F38-6AAAB6FAA106}.DVD-5|x86.ActiveCfg = Debug|Any CPU
		{181FE707-E161-4722-9F38-6AAAB6FAA106}.iOS|Any CPU.ActiveCfg = Release|Any CPU
		{181FE707-E161-4722-9F38-6AAAB6FAA106}.iOS|Any CPU.Build.0 = Release|Any CPU
		{181FE707-E161-4722-9F38-6AAAB6FAA106}.iOS|Mixed Platforms.ActiveCfg = Release|Any CPU
		{181FE707-E161-4722-9F38-6AAAB6FAA106}.iOS|Mixed Platforms.Build.0 = Release|Any CPU
		{181FE707-E161-4722-9F38-6AAAB6FAA106}.iOS|x86.ActiveCfg = Release|Any CPU
		{181FE707-E161-4722-9F38-6AAAB6FAA106}.Net20|Any CPU.ActiveCfg = Release|Any CPU
		{181FE707-E161-4722-9F38-6AAAB6FAA106}.Net20|Any CPU.Build.0 = Release|Any CPU
		{181FE707-E161-4722-9F38-6AAAB6FAA106}.Net20|Mixed Platforms.ActiveCfg = Release|Any CPU
		{181FE707-E161-4722-9F38-6AAAB6FAA106}.Net20|Mixed Platforms.Build.0 = Release|Any CPU
		{181FE707-E161-4722-9F38-6AAAB6FAA106}.Net20|x86.ActiveCfg = Release|Any CPU
		{181FE707-E161-4722-9F38-6AAAB6FAA106}.Profile|Any CPU.ActiveCfg = Release|Any CPU
		{181FE707-E161-4722-9F38-6AAAB6FAA106}.Profile|Any CPU.Build.0 = Release|Any CPU
		{181FE707-E161-4722-9F38-6AAAB6FAA106}.Profile|Mixed Platforms.ActiveCfg = Release|Any CPU
		{181FE707-E161-4722-9F38-6AAAB6FAA106}.Profile|Mixed Platforms.Build.0 = Release|Any CPU
		{181FE707-E161-4722-9F38-6AAAB6FAA106}.Profile|x86.ActiveCfg = Release|Any CPU
		{181FE707-E161-4722-9F38-6AAAB6FAA106}.Release|Any CPU.ActiveCfg = Release|Any CPU
		{181FE707-E161-4722-9F38-6AAAB6FAA106}.Release|Any CPU.Build.0 = Release|Any CPU
		{181FE707-E161-4722-9F38-6AAAB6FAA106}.Release|Mixed Platforms.ActiveCfg = Release|Any CPU
		{181FE707-E161-4722-9F38-6AAAB6FAA106}.Release|Mixed Platforms.Build.0 = Release|Any CPU
		{181FE707-E161-4722-9F38-6AAAB6FAA106}.Release|x86.ActiveCfg = Release|Any CPU
		{181FE707-E161-4722-9F38-6AAAB6FAA106}.ReleaseTest|Any CPU.ActiveCfg = Release|Any CPU
		{181FE707-E161-4722-9F38-6AAAB6FAA106}.ReleaseTest|Any CPU.Build.0 = Release|Any CPU
		{181FE707-E161-4722-9F38-6AAAB6FAA106}.ReleaseTest|Mixed Platforms.ActiveCfg = Release|Any CPU
		{181FE707-E161-4722-9F38-6AAAB6FAA106}.ReleaseTest|Mixed Platforms.Build.0 = Release|Any CPU
		{181FE707-E161-4722-9F38-6AAAB6FAA106}.ReleaseTest|x86.ActiveCfg = Release|Any CPU
		{181FE707-E161-4722-9F38-6AAAB6FAA106}.Silverlight2|Any CPU.ActiveCfg = Release|Any CPU
		{181FE707-E161-4722-9F38-6AAAB6FAA106}.Silverlight2|Any CPU.Build.0 = Release|Any CPU
		{181FE707-E161-4722-9F38-6AAAB6FAA106}.Silverlight2|Mixed Platforms.ActiveCfg = Release|Any CPU
		{181FE707-E161-4722-9F38-6AAAB6FAA106}.Silverlight2|Mixed Platforms.Build.0 = Release|Any CPU
		{181FE707-E161-4722-9F38-6AAAB6FAA106}.Silverlight2|x86.ActiveCfg = Release|Any CPU
		{181FE707-E161-4722-9F38-6AAAB6FAA106}.SingleImage|Any CPU.ActiveCfg = Release|Any CPU
		{181FE707-E161-4722-9F38-6AAAB6FAA106}.SingleImage|Any CPU.Build.0 = Release|Any CPU
		{181FE707-E161-4722-9F38-6AAAB6FAA106}.SingleImage|Mixed Platforms.ActiveCfg = Release|Any CPU
		{181FE707-E161-4722-9F38-6AAAB6FAA106}.SingleImage|Mixed Platforms.Build.0 = Release|Any CPU
		{181FE707-E161-4722-9F38-6AAAB6FAA106}.SingleImage|x86.ActiveCfg = Release|Any CPU
		{181FE707-E161-4722-9F38-6AAAB6FAA106}.Unity|Any CPU.ActiveCfg = Release|Any CPU
		{181FE707-E161-4722-9F38-6AAAB6FAA106}.Unity|Any CPU.Build.0 = Release|Any CPU
		{181FE707-E161-4722-9F38-6AAAB6FAA106}.Unity|Mixed Platforms.ActiveCfg = Release|Any CPU
		{181FE707-E161-4722-9F38-6AAAB6FAA106}.Unity|Mixed Platforms.Build.0 = Release|Any CPU
		{181FE707-E161-4722-9F38-6AAAB6FAA106}.Unity|x86.ActiveCfg = Release|Any CPU
	EndGlobalSection
	GlobalSection(SolutionProperties) = preSolution
		HideSolutionNode = FALSE
	EndGlobalSection
EndGlobal
