
Microsoft Visual Studio Solution File, Format Version 12.00
# Visual Studio 2012
Project("{FAE04EC0-301F-11D3-BF4B-00C04F79EFBC}") = "ModernMinas.Launcher", "ModernMinas.Launcher\ModernMinas.Launcher.csproj", "{5B32C6CD-C0E1-44F4-8624-562862E32C0F}"
EndProject
Project("{FAE04EC0-301F-11D3-BF4B-00C04F79EFBC}") = "Updater API", "updateapi\Updater API.csproj", "{542805F0-128C-453B-AB69-9AF44D16F0B3}"
EndProject
Project("{FAE04EC0-301F-11D3-BF4B-00C04F79EFBC}") = "TestUpdateClient", "TestUpdateClient\TestUpdateClient.csproj", "{05A3C357-95AE-4551-9368-4C91CE149B37}"
	ProjectSection(ProjectDependencies) = postProject
		{91A6CFEF-CB01-46F2-B45A-A80E6A1647BD} = {91A6CFEF-CB01-46F2-B45A-A80E6A1647BD}
	EndProjectSection
EndProject
Project("{FAE04EC0-301F-11D3-BF4B-00C04F79EFBC}") = "Update Server", "updateserv\Update Server.csproj", "{91A6CFEF-CB01-46F2-B45A-A80E6A1647BD}"
EndProject
Global
	GlobalSection(SolutionConfigurationPlatforms) = preSolution
		CoreOnly|Any CPU = CoreOnly|Any CPU
		CoreOnly|Mixed Platforms = CoreOnly|Mixed Platforms
		CoreOnly|x86 = CoreOnly|x86
		Debug|Any CPU = Debug|Any CPU
		Debug|Mixed Platforms = Debug|Mixed Platforms
		Debug|x86 = Debug|x86
		DebugTest|Any CPU = DebugTest|Any CPU
		DebugTest|Mixed Platforms = DebugTest|Mixed Platforms
		DebugTest|x86 = DebugTest|x86
		iOS|Any CPU = iOS|Any CPU
		iOS|Mixed Platforms = iOS|Mixed Platforms
		iOS|x86 = iOS|x86
		Net20|Any CPU = Net20|Any CPU
		Net20|Mixed Platforms = Net20|Mixed Platforms
		Net20|x86 = Net20|x86
		Profile|Any CPU = Profile|Any CPU
		Profile|Mixed Platforms = Profile|Mixed Platforms
		Profile|x86 = Profile|x86
		Release|Any CPU = Release|Any CPU
		Release|Mixed Platforms = Release|Mixed Platforms
		Release|x86 = Release|x86
		ReleaseTest|Any CPU = ReleaseTest|Any CPU
		ReleaseTest|Mixed Platforms = ReleaseTest|Mixed Platforms
		ReleaseTest|x86 = ReleaseTest|x86
		Silverlight2|Any CPU = Silverlight2|Any CPU
		Silverlight2|Mixed Platforms = Silverlight2|Mixed Platforms
		Silverlight2|x86 = Silverlight2|x86
		Unity|Any CPU = Unity|Any CPU
		Unity|Mixed Platforms = Unity|Mixed Platforms
		Unity|x86 = Unity|x86
	EndGlobalSection
	GlobalSection(ProjectConfigurationPlatforms) = postSolution
		{5B32C6CD-C0E1-44F4-8624-562862E32C0F}.CoreOnly|Any CPU.ActiveCfg = Release|x86
		{5B32C6CD-C0E1-44F4-8624-562862E32C0F}.CoreOnly|Mixed Platforms.ActiveCfg = Release|x86
		{5B32C6CD-C0E1-44F4-8624-562862E32C0F}.CoreOnly|Mixed Platforms.Build.0 = Release|x86
		{5B32C6CD-C0E1-44F4-8624-562862E32C0F}.CoreOnly|x86.ActiveCfg = Release|x86
		{5B32C6CD-C0E1-44F4-8624-562862E32C0F}.CoreOnly|x86.Build.0 = Release|x86
		{5B32C6CD-C0E1-44F4-8624-562862E32C0F}.Debug|Any CPU.ActiveCfg = Debug|x86
		{5B32C6CD-C0E1-44F4-8624-562862E32C0F}.Debug|Mixed Platforms.ActiveCfg = Debug|x86
		{5B32C6CD-C0E1-44F4-8624-562862E32C0F}.Debug|Mixed Platforms.Build.0 = Debug|x86
		{5B32C6CD-C0E1-44F4-8624-562862E32C0F}.Debug|x86.ActiveCfg = Debug|x86
		{5B32C6CD-C0E1-44F4-8624-562862E32C0F}.Debug|x86.Build.0 = Debug|x86
		{5B32C6CD-C0E1-44F4-8624-562862E32C0F}.DebugTest|Any CPU.ActiveCfg = Debug|x86
		{5B32C6CD-C0E1-44F4-8624-562862E32C0F}.DebugTest|Mixed Platforms.ActiveCfg = Debug|x86
		{5B32C6CD-C0E1-44F4-8624-562862E32C0F}.DebugTest|Mixed Platforms.Build.0 = Debug|x86
		{5B32C6CD-C0E1-44F4-8624-562862E32C0F}.DebugTest|x86.ActiveCfg = Debug|x86
		{5B32C6CD-C0E1-44F4-8624-562862E32C0F}.DebugTest|x86.Build.0 = Debug|x86
		{5B32C6CD-C0E1-44F4-8624-562862E32C0F}.iOS|Any CPU.ActiveCfg = Release|x86
		{5B32C6CD-C0E1-44F4-8624-562862E32C0F}.iOS|Mixed Platforms.ActiveCfg = Release|x86
		{5B32C6CD-C0E1-44F4-8624-562862E32C0F}.iOS|Mixed Platforms.Build.0 = Release|x86
		{5B32C6CD-C0E1-44F4-8624-562862E32C0F}.iOS|x86.ActiveCfg = Release|x86
		{5B32C6CD-C0E1-44F4-8624-562862E32C0F}.iOS|x86.Build.0 = Release|x86
		{5B32C6CD-C0E1-44F4-8624-562862E32C0F}.Net20|Any CPU.ActiveCfg = Release|x86
		{5B32C6CD-C0E1-44F4-8624-562862E32C0F}.Net20|Mixed Platforms.ActiveCfg = Release|x86
		{5B32C6CD-C0E1-44F4-8624-562862E32C0F}.Net20|Mixed Platforms.Build.0 = Release|x86
		{5B32C6CD-C0E1-44F4-8624-562862E32C0F}.Net20|x86.ActiveCfg = Release|x86
		{5B32C6CD-C0E1-44F4-8624-562862E32C0F}.Net20|x86.Build.0 = Release|x86
		{5B32C6CD-C0E1-44F4-8624-562862E32C0F}.Profile|Any CPU.ActiveCfg = Release|x86
		{5B32C6CD-C0E1-44F4-8624-562862E32C0F}.Profile|Mixed Platforms.ActiveCfg = Release|x86
		{5B32C6CD-C0E1-44F4-8624-562862E32C0F}.Profile|Mixed Platforms.Build.0 = Release|x86
		{5B32C6CD-C0E1-44F4-8624-562862E32C0F}.Profile|x86.ActiveCfg = Release|x86
		{5B32C6CD-C0E1-44F4-8624-562862E32C0F}.Profile|x86.Build.0 = Release|x86
		{5B32C6CD-C0E1-44F4-8624-562862E32C0F}.Release|Any CPU.ActiveCfg = Release|x86
		{5B32C6CD-C0E1-44F4-8624-562862E32C0F}.Release|Any CPU.Build.0 = Release|x86
		{5B32C6CD-C0E1-44F4-8624-562862E32C0F}.Release|Mixed Platforms.ActiveCfg = Release|x86
		{5B32C6CD-C0E1-44F4-8624-562862E32C0F}.Release|Mixed Platforms.Build.0 = Release|x86
		{5B32C6CD-C0E1-44F4-8624-562862E32C0F}.Release|x86.ActiveCfg = Release|x86
		{5B32C6CD-C0E1-44F4-8624-562862E32C0F}.Release|x86.Build.0 = Release|x86
		{5B32C6CD-C0E1-44F4-8624-562862E32C0F}.ReleaseTest|Any CPU.ActiveCfg = Release|x86
		{5B32C6CD-C0E1-44F4-8624-562862E32C0F}.ReleaseTest|Mixed Platforms.ActiveCfg = Release|x86
		{5B32C6CD-C0E1-44F4-8624-562862E32C0F}.ReleaseTest|Mixed Platforms.Build.0 = Release|x86
		{5B32C6CD-C0E1-44F4-8624-562862E32C0F}.ReleaseTest|x86.ActiveCfg = Release|x86
		{5B32C6CD-C0E1-44F4-8624-562862E32C0F}.ReleaseTest|x86.Build.0 = Release|x86
		{5B32C6CD-C0E1-44F4-8624-562862E32C0F}.Silverlight2|Any CPU.ActiveCfg = Release|x86
		{5B32C6CD-C0E1-44F4-8624-562862E32C0F}.Silverlight2|Mixed Platforms.ActiveCfg = Release|x86
		{5B32C6CD-C0E1-44F4-8624-562862E32C0F}.Silverlight2|Mixed Platforms.Build.0 = Release|x86
		{5B32C6CD-C0E1-44F4-8624-562862E32C0F}.Silverlight2|x86.ActiveCfg = Release|x86
		{5B32C6CD-C0E1-44F4-8624-562862E32C0F}.Silverlight2|x86.Build.0 = Release|x86
		{5B32C6CD-C0E1-44F4-8624-562862E32C0F}.Unity|Any CPU.ActiveCfg = Release|x86
		{5B32C6CD-C0E1-44F4-8624-562862E32C0F}.Unity|Mixed Platforms.ActiveCfg = Release|x86
		{5B32C6CD-C0E1-44F4-8624-562862E32C0F}.Unity|Mixed Platforms.Build.0 = Release|x86
		{5B32C6CD-C0E1-44F4-8624-562862E32C0F}.Unity|x86.ActiveCfg = Release|x86
		{5B32C6CD-C0E1-44F4-8624-562862E32C0F}.Unity|x86.Build.0 = Release|x86
		{542805F0-128C-453B-AB69-9AF44D16F0B3}.CoreOnly|Any CPU.ActiveCfg = Release|x86
		{542805F0-128C-453B-AB69-9AF44D16F0B3}.CoreOnly|Mixed Platforms.ActiveCfg = Release|x86
		{542805F0-128C-453B-AB69-9AF44D16F0B3}.CoreOnly|Mixed Platforms.Build.0 = Release|x86
		{542805F0-128C-453B-AB69-9AF44D16F0B3}.CoreOnly|x86.ActiveCfg = Release|x86
		{542805F0-128C-453B-AB69-9AF44D16F0B3}.CoreOnly|x86.Build.0 = Release|x86
		{542805F0-128C-453B-AB69-9AF44D16F0B3}.Debug|Any CPU.ActiveCfg = Debug|x86
		{542805F0-128C-453B-AB69-9AF44D16F0B3}.Debug|Mixed Platforms.ActiveCfg = Debug|x86
		{542805F0-128C-453B-AB69-9AF44D16F0B3}.Debug|Mixed Platforms.Build.0 = Debug|x86
		{542805F0-128C-453B-AB69-9AF44D16F0B3}.Debug|x86.ActiveCfg = Debug|x86
		{542805F0-128C-453B-AB69-9AF44D16F0B3}.Debug|x86.Build.0 = Debug|x86
		{542805F0-128C-453B-AB69-9AF44D16F0B3}.DebugTest|Any CPU.ActiveCfg = Debug|x86
		{542805F0-128C-453B-AB69-9AF44D16F0B3}.DebugTest|Mixed Platforms.ActiveCfg = Debug|x86
		{542805F0-128C-453B-AB69-9AF44D16F0B3}.DebugTest|Mixed Platforms.Build.0 = Debug|x86
		{542805F0-128C-453B-AB69-9AF44D16F0B3}.DebugTest|x86.ActiveCfg = Debug|x86
		{542805F0-128C-453B-AB69-9AF44D16F0B3}.DebugTest|x86.Build.0 = Debug|x86
		{542805F0-128C-453B-AB69-9AF44D16F0B3}.iOS|Any CPU.ActiveCfg = Release|x86
		{542805F0-128C-453B-AB69-9AF44D16F0B3}.iOS|Mixed Platforms.ActiveCfg = Release|x86
		{542805F0-128C-453B-AB69-9AF44D16F0B3}.iOS|Mixed Platforms.Build.0 = Release|x86
		{542805F0-128C-453B-AB69-9AF44D16F0B3}.iOS|x86.ActiveCfg = Release|x86
		{542805F0-128C-453B-AB69-9AF44D16F0B3}.iOS|x86.Build.0 = Release|x86
		{542805F0-128C-453B-AB69-9AF44D16F0B3}.Net20|Any CPU.ActiveCfg = Release|x86
		{542805F0-128C-453B-AB69-9AF44D16F0B3}.Net20|Mixed Platforms.ActiveCfg = Release|x86
		{542805F0-128C-453B-AB69-9AF44D16F0B3}.Net20|Mixed Platforms.Build.0 = Release|x86
		{542805F0-128C-453B-AB69-9AF44D16F0B3}.Net20|x86.ActiveCfg = Release|x86
		{542805F0-128C-453B-AB69-9AF44D16F0B3}.Net20|x86.Build.0 = Release|x86
		{542805F0-128C-453B-AB69-9AF44D16F0B3}.Profile|Any CPU.ActiveCfg = Release|x86
		{542805F0-128C-453B-AB69-9AF44D16F0B3}.Profile|Mixed Platforms.ActiveCfg = Release|x86
		{542805F0-128C-453B-AB69-9AF44D16F0B3}.Profile|Mixed Platforms.Build.0 = Release|x86
		{542805F0-128C-453B-AB69-9AF44D16F0B3}.Profile|x86.ActiveCfg = Release|x86
		{542805F0-128C-453B-AB69-9AF44D16F0B3}.Profile|x86.Build.0 = Release|x86
		{542805F0-128C-453B-AB69-9AF44D16F0B3}.Release|Any CPU.ActiveCfg = Release|x86
		{542805F0-128C-453B-AB69-9AF44D16F0B3}.Release|Any CPU.Build.0 = Release|x86
		{542805F0-128C-453B-AB69-9AF44D16F0B3}.Release|Mixed Platforms.ActiveCfg = Release|x86
		{542805F0-128C-453B-AB69-9AF44D16F0B3}.Release|Mixed Platforms.Build.0 = Release|x86
		{542805F0-128C-453B-AB69-9AF44D16F0B3}.Release|x86.ActiveCfg = Release|x86
		{542805F0-128C-453B-AB69-9AF44D16F0B3}.Release|x86.Build.0 = Release|x86
		{542805F0-128C-453B-AB69-9AF44D16F0B3}.ReleaseTest|Any CPU.ActiveCfg = Release|x86
		{542805F0-128C-453B-AB69-9AF44D16F0B3}.ReleaseTest|Mixed Platforms.ActiveCfg = Release|x86
		{542805F0-128C-453B-AB69-9AF44D16F0B3}.ReleaseTest|Mixed Platforms.Build.0 = Release|x86
		{542805F0-128C-453B-AB69-9AF44D16F0B3}.ReleaseTest|x86.ActiveCfg = Release|x86
		{542805F0-128C-453B-AB69-9AF44D16F0B3}.ReleaseTest|x86.Build.0 = Release|x86
		{542805F0-128C-453B-AB69-9AF44D16F0B3}.Silverlight2|Any CPU.ActiveCfg = Release|x86
		{542805F0-128C-453B-AB69-9AF44D16F0B3}.Silverlight2|Mixed Platforms.ActiveCfg = Release|x86
		{542805F0-128C-453B-AB69-9AF44D16F0B3}.Silverlight2|Mixed Platforms.Build.0 = Release|x86
		{542805F0-128C-453B-AB69-9AF44D16F0B3}.Silverlight2|x86.ActiveCfg = Release|x86
		{542805F0-128C-453B-AB69-9AF44D16F0B3}.Silverlight2|x86.Build.0 = Release|x86
		{542805F0-128C-453B-AB69-9AF44D16F0B3}.Unity|Any CPU.ActiveCfg = Release|x86
		{542805F0-128C-453B-AB69-9AF44D16F0B3}.Unity|Mixed Platforms.ActiveCfg = Release|x86
		{542805F0-128C-453B-AB69-9AF44D16F0B3}.Unity|Mixed Platforms.Build.0 = Release|x86
		{542805F0-128C-453B-AB69-9AF44D16F0B3}.Unity|x86.ActiveCfg = Release|x86
		{542805F0-128C-453B-AB69-9AF44D16F0B3}.Unity|x86.Build.0 = Release|x86
		{05A3C357-95AE-4551-9368-4C91CE149B37}.CoreOnly|Any CPU.ActiveCfg = Release|x86
		{05A3C357-95AE-4551-9368-4C91CE149B37}.CoreOnly|Mixed Platforms.ActiveCfg = Release|x86
		{05A3C357-95AE-4551-9368-4C91CE149B37}.CoreOnly|Mixed Platforms.Build.0 = Release|x86
		{05A3C357-95AE-4551-9368-4C91CE149B37}.CoreOnly|x86.ActiveCfg = Release|x86
		{05A3C357-95AE-4551-9368-4C91CE149B37}.CoreOnly|x86.Build.0 = Release|x86
		{05A3C357-95AE-4551-9368-4C91CE149B37}.Debug|Any CPU.ActiveCfg = Debug|x86
		{05A3C357-95AE-4551-9368-4C91CE149B37}.Debug|Mixed Platforms.ActiveCfg = Debug|x86
		{05A3C357-95AE-4551-9368-4C91CE149B37}.Debug|Mixed Platforms.Build.0 = Debug|x86
		{05A3C357-95AE-4551-9368-4C91CE149B37}.Debug|x86.ActiveCfg = Debug|x86
		{05A3C357-95AE-4551-9368-4C91CE149B37}.Debug|x86.Build.0 = Debug|x86
		{05A3C357-95AE-4551-9368-4C91CE149B37}.DebugTest|Any CPU.ActiveCfg = Debug|x86
		{05A3C357-95AE-4551-9368-4C91CE149B37}.DebugTest|Mixed Platforms.ActiveCfg = Debug|x86
		{05A3C357-95AE-4551-9368-4C91CE149B37}.DebugTest|Mixed Platforms.Build.0 = Debug|x86
		{05A3C357-95AE-4551-9368-4C91CE149B37}.DebugTest|x86.ActiveCfg = Debug|x86
		{05A3C357-95AE-4551-9368-4C91CE149B37}.DebugTest|x86.Build.0 = Debug|x86
		{05A3C357-95AE-4551-9368-4C91CE149B37}.iOS|Any CPU.ActiveCfg = Release|x86
		{05A3C357-95AE-4551-9368-4C91CE149B37}.iOS|Mixed Platforms.ActiveCfg = Release|x86
		{05A3C357-95AE-4551-9368-4C91CE149B37}.iOS|Mixed Platforms.Build.0 = Release|x86
		{05A3C357-95AE-4551-9368-4C91CE149B37}.iOS|x86.ActiveCfg = Release|x86
		{05A3C357-95AE-4551-9368-4C91CE149B37}.iOS|x86.Build.0 = Release|x86
		{05A3C357-95AE-4551-9368-4C91CE149B37}.Net20|Any CPU.ActiveCfg = Release|x86
		{05A3C357-95AE-4551-9368-4C91CE149B37}.Net20|Mixed Platforms.ActiveCfg = Release|x86
		{05A3C357-95AE-4551-9368-4C91CE149B37}.Net20|Mixed Platforms.Build.0 = Release|x86
		{05A3C357-95AE-4551-9368-4C91CE149B37}.Net20|x86.ActiveCfg = Release|x86
		{05A3C357-95AE-4551-9368-4C91CE149B37}.Net20|x86.Build.0 = Release|x86
		{05A3C357-95AE-4551-9368-4C91CE149B37}.Profile|Any CPU.ActiveCfg = Release|x86
		{05A3C357-95AE-4551-9368-4C91CE149B37}.Profile|Mixed Platforms.ActiveCfg = Release|x86
		{05A3C357-95AE-4551-9368-4C91CE149B37}.Profile|Mixed Platforms.Build.0 = Release|x86
		{05A3C357-95AE-4551-9368-4C91CE149B37}.Profile|x86.ActiveCfg = Release|x86
		{05A3C357-95AE-4551-9368-4C91CE149B37}.Profile|x86.Build.0 = Release|x86
		{05A3C357-95AE-4551-9368-4C91CE149B37}.Release|Any CPU.ActiveCfg = Release|x86
		{05A3C357-95AE-4551-9368-4C91CE149B37}.Release|Any CPU.Build.0 = Release|x86
		{05A3C357-95AE-4551-9368-4C91CE149B37}.Release|Mixed Platforms.ActiveCfg = Release|x86
		{05A3C357-95AE-4551-9368-4C91CE149B37}.Release|Mixed Platforms.Build.0 = Release|x86
		{05A3C357-95AE-4551-9368-4C91CE149B37}.Release|x86.ActiveCfg = Release|x86
		{05A3C357-95AE-4551-9368-4C91CE149B37}.Release|x86.Build.0 = Release|x86
		{05A3C357-95AE-4551-9368-4C91CE149B37}.ReleaseTest|Any CPU.ActiveCfg = Release|x86
		{05A3C357-95AE-4551-9368-4C91CE149B37}.ReleaseTest|Mixed Platforms.ActiveCfg = Release|x86
		{05A3C357-95AE-4551-9368-4C91CE149B37}.ReleaseTest|Mixed Platforms.Build.0 = Release|x86
		{05A3C357-95AE-4551-9368-4C91CE149B37}.ReleaseTest|x86.ActiveCfg = Release|x86
		{05A3C357-95AE-4551-9368-4C91CE149B37}.ReleaseTest|x86.Build.0 = Release|x86
		{05A3C357-95AE-4551-9368-4C91CE149B37}.Silverlight2|Any CPU.ActiveCfg = Release|x86
		{05A3C357-95AE-4551-9368-4C91CE149B37}.Silverlight2|Mixed Platforms.ActiveCfg = Release|x86
		{05A3C357-95AE-4551-9368-4C91CE149B37}.Silverlight2|Mixed Platforms.Build.0 = Release|x86
		{05A3C357-95AE-4551-9368-4C91CE149B37}.Silverlight2|x86.ActiveCfg = Release|x86
		{05A3C357-95AE-4551-9368-4C91CE149B37}.Silverlight2|x86.Build.0 = Release|x86
		{05A3C357-95AE-4551-9368-4C91CE149B37}.Unity|Any CPU.ActiveCfg = Release|x86
		{05A3C357-95AE-4551-9368-4C91CE149B37}.Unity|Mixed Platforms.ActiveCfg = Release|x86
		{05A3C357-95AE-4551-9368-4C91CE149B37}.Unity|Mixed Platforms.Build.0 = Release|x86
		{05A3C357-95AE-4551-9368-4C91CE149B37}.Unity|x86.ActiveCfg = Release|x86
		{05A3C357-95AE-4551-9368-4C91CE149B37}.Unity|x86.Build.0 = Release|x86
		{91A6CFEF-CB01-46F2-B45A-A80E6A1647BD}.CoreOnly|Any CPU.ActiveCfg = Release|x86
		{91A6CFEF-CB01-46F2-B45A-A80E6A1647BD}.CoreOnly|Mixed Platforms.ActiveCfg = Release|x86
		{91A6CFEF-CB01-46F2-B45A-A80E6A1647BD}.CoreOnly|Mixed Platforms.Build.0 = Release|x86
		{91A6CFEF-CB01-46F2-B45A-A80E6A1647BD}.CoreOnly|x86.ActiveCfg = Release|x86
		{91A6CFEF-CB01-46F2-B45A-A80E6A1647BD}.CoreOnly|x86.Build.0 = Release|x86
		{91A6CFEF-CB01-46F2-B45A-A80E6A1647BD}.Debug|Any CPU.ActiveCfg = Debug|x86
		{91A6CFEF-CB01-46F2-B45A-A80E6A1647BD}.Debug|Mixed Platforms.ActiveCfg = Debug|x86
		{91A6CFEF-CB01-46F2-B45A-A80E6A1647BD}.Debug|Mixed Platforms.Build.0 = Debug|x86
		{91A6CFEF-CB01-46F2-B45A-A80E6A1647BD}.Debug|x86.ActiveCfg = Debug|x86
		{91A6CFEF-CB01-46F2-B45A-A80E6A1647BD}.Debug|x86.Build.0 = Debug|x86
		{91A6CFEF-CB01-46F2-B45A-A80E6A1647BD}.DebugTest|Any CPU.ActiveCfg = Debug|x86
		{91A6CFEF-CB01-46F2-B45A-A80E6A1647BD}.DebugTest|Mixed Platforms.ActiveCfg = Debug|x86
		{91A6CFEF-CB01-46F2-B45A-A80E6A1647BD}.DebugTest|Mixed Platforms.Build.0 = Debug|x86
		{91A6CFEF-CB01-46F2-B45A-A80E6A1647BD}.DebugTest|x86.ActiveCfg = Debug|x86
		{91A6CFEF-CB01-46F2-B45A-A80E6A1647BD}.DebugTest|x86.Build.0 = Debug|x86
		{91A6CFEF-CB01-46F2-B45A-A80E6A1647BD}.iOS|Any CPU.ActiveCfg = Release|x86
		{91A6CFEF-CB01-46F2-B45A-A80E6A1647BD}.iOS|Mixed Platforms.ActiveCfg = Release|x86
		{91A6CFEF-CB01-46F2-B45A-A80E6A1647BD}.iOS|Mixed Platforms.Build.0 = Release|x86
		{91A6CFEF-CB01-46F2-B45A-A80E6A1647BD}.iOS|x86.ActiveCfg = Release|x86
		{91A6CFEF-CB01-46F2-B45A-A80E6A1647BD}.iOS|x86.Build.0 = Release|x86
		{91A6CFEF-CB01-46F2-B45A-A80E6A1647BD}.Net20|Any CPU.ActiveCfg = Release|x86
		{91A6CFEF-CB01-46F2-B45A-A80E6A1647BD}.Net20|Mixed Platforms.ActiveCfg = Release|x86
		{91A6CFEF-CB01-46F2-B45A-A80E6A1647BD}.Net20|Mixed Platforms.Build.0 = Release|x86
		{91A6CFEF-CB01-46F2-B45A-A80E6A1647BD}.Net20|x86.ActiveCfg = Release|x86
		{91A6CFEF-CB01-46F2-B45A-A80E6A1647BD}.Net20|x86.Build.0 = Release|x86
		{91A6CFEF-CB01-46F2-B45A-A80E6A1647BD}.Profile|Any CPU.ActiveCfg = Release|x86
		{91A6CFEF-CB01-46F2-B45A-A80E6A1647BD}.Profile|Mixed Platforms.ActiveCfg = Release|x86
		{91A6CFEF-CB01-46F2-B45A-A80E6A1647BD}.Profile|Mixed Platforms.Build.0 = Release|x86
		{91A6CFEF-CB01-46F2-B45A-A80E6A1647BD}.Profile|x86.ActiveCfg = Release|x86
		{91A6CFEF-CB01-46F2-B45A-A80E6A1647BD}.Profile|x86.Build.0 = Release|x86
		{91A6CFEF-CB01-46F2-B45A-A80E6A1647BD}.Release|Any CPU.ActiveCfg = Release|x86
		{91A6CFEF-CB01-46F2-B45A-A80E6A1647BD}.Release|Any CPU.Build.0 = Release|x86
		{91A6CFEF-CB01-46F2-B45A-A80E6A1647BD}.Release|Mixed Platforms.ActiveCfg = Release|x86
		{91A6CFEF-CB01-46F2-B45A-A80E6A1647BD}.Release|Mixed Platforms.Build.0 = Release|x86
		{91A6CFEF-CB01-46F2-B45A-A80E6A1647BD}.Release|x86.ActiveCfg = Release|x86
		{91A6CFEF-CB01-46F2-B45A-A80E6A1647BD}.Release|x86.Build.0 = Release|x86
		{91A6CFEF-CB01-46F2-B45A-A80E6A1647BD}.ReleaseTest|Any CPU.ActiveCfg = Release|x86
		{91A6CFEF-CB01-46F2-B45A-A80E6A1647BD}.ReleaseTest|Mixed Platforms.ActiveCfg = Release|x86
		{91A6CFEF-CB01-46F2-B45A-A80E6A1647BD}.ReleaseTest|Mixed Platforms.Build.0 = Release|x86
		{91A6CFEF-CB01-46F2-B45A-A80E6A1647BD}.ReleaseTest|x86.ActiveCfg = Release|x86
		{91A6CFEF-CB01-46F2-B45A-A80E6A1647BD}.ReleaseTest|x86.Build.0 = Release|x86
		{91A6CFEF-CB01-46F2-B45A-A80E6A1647BD}.Silverlight2|Any CPU.ActiveCfg = Release|x86
		{91A6CFEF-CB01-46F2-B45A-A80E6A1647BD}.Silverlight2|Mixed Platforms.ActiveCfg = Release|x86
		{91A6CFEF-CB01-46F2-B45A-A80E6A1647BD}.Silverlight2|Mixed Platforms.Build.0 = Release|x86
		{91A6CFEF-CB01-46F2-B45A-A80E6A1647BD}.Silverlight2|x86.ActiveCfg = Release|x86
		{91A6CFEF-CB01-46F2-B45A-A80E6A1647BD}.Silverlight2|x86.Build.0 = Release|x86
		{91A6CFEF-CB01-46F2-B45A-A80E6A1647BD}.Unity|Any CPU.ActiveCfg = Release|x86
		{91A6CFEF-CB01-46F2-B45A-A80E6A1647BD}.Unity|Mixed Platforms.ActiveCfg = Release|x86
		{91A6CFEF-CB01-46F2-B45A-A80E6A1647BD}.Unity|Mixed Platforms.Build.0 = Release|x86
		{91A6CFEF-CB01-46F2-B45A-A80E6A1647BD}.Unity|x86.ActiveCfg = Release|x86
		{91A6CFEF-CB01-46F2-B45A-A80E6A1647BD}.Unity|x86.Build.0 = Release|x86
	EndGlobalSection
	GlobalSection(SolutionProperties) = preSolution
		HideSolutionNode = FALSE
	EndGlobalSection
EndGlobal
